
Microsoft Visual Studio Solution File, Format Version 12.00
# Visual Studio Version 17
VisualStudioVersion = 17.5.33530.505
MinimumVisualStudioVersion = 10.0.40219.1
Project("{9A19103F-16F7-4668-BE54-9A1E7A4F7556}") = "ALL", "ALL\ALL.csproj", "{FD5626EF-86F3-4685-B2E3-2C5F1D803942}"
EndProject
Global
	GlobalSection(SolutionConfigurationPlatforms) = preSolution
		Debug|Any CPU = Debug|Any CPU
		Release|Any CPU = Release|Any CPU
	EndGlobalSection
	GlobalSection(ProjectConfigurationPlatforms) = postSolution
		{FD5626EF-86F3-4685-B2E3-2C5F1D803942}.Debug|Any CPU.ActiveCfg = Debug|Any CPU
		{FD5626EF-86F3-4685-B2E3-2C5F1D803942}.Debug|Any CPU.Build.0 = Debug|Any CPU
		{FD5626EF-86F3-4685-B2E3-2C5F1D803942}.Release|Any CPU.ActiveCfg = Release|Any CPU
		{FD5626EF-86F3-4685-B2E3-2C5F1D803942}.Release|Any CPU.Build.0 = Release|Any CPU
	EndGlobalSection
	GlobalSection(SolutionProperties) = preSolution
		HideSolutionNode = FALSE
	EndGlobalSection
	GlobalSection(ExtensibilityGlobals) = postSolution
		SolutionGuid = {1C100826-F39C-493F-ACDE-79395935909B}
	EndGlobalSection
EndGlobal
